
Microsoft Visual Studio Solution File, Format Version 12.00
# Visual Studio Version 17
VisualStudioVersion = 17.4.33213.308
MinimumVisualStudioVersion = 10.0.40219.1
Project("{FAE04EC0-301F-11D3-BF4B-00C04F79EFBC}") = "AUP_projekt", "AUP_projekt\AUP_projekt.csproj", "{413FC8AB-3DE2-48E9-B31A-44A3F54CA41F}"
EndProject
Global
	GlobalSection(SolutionConfigurationPlatforms) = preSolution
		Debug|Any CPU = Debug|Any CPU
		Release|Any CPU = Release|Any CPU
	EndGlobalSection
	GlobalSection(ProjectConfigurationPlatforms) = postSolution
		{413FC8AB-3DE2-48E9-B31A-44A3F54CA41F}.Debug|Any CPU.ActiveCfg = Debug|Any CPU
		{413FC8AB-3DE2-48E9-B31A-44A3F54CA41F}.Debug|Any CPU.Build.0 = Debug|Any CPU
		{413FC8AB-3DE2-48E9-B31A-44A3F54CA41F}.Release|Any CPU.ActiveCfg = Release|Any CPU
		{413FC8AB-3DE2-48E9-B31A-44A3F54CA41F}.Release|Any CPU.Build.0 = Release|Any CPU
	EndGlobalSection
	GlobalSection(SolutionProperties) = preSolution
		HideSolutionNode = FALSE
	EndGlobalSection
	GlobalSection(ExtensibilityGlobals) = postSolution
		SolutionGuid = {C85390C2-DF0C-4751-A616-8DD7B9E4020A}
	EndGlobalSection
EndGlobal
